version = 1
revision = 3
requires-python = ">=3.12"

[[package]]
name = "cuda"
version = "0.1.0"
source = { virtual = "." }
dependencies = [
    { name = "triton" },
]

[package.metadata]
requires-dist = [{ name = "triton", specifier = ">=3.7.1" }]

[[package]]
name = "triton"
version = "3.7.1"
source = { registry = "https://pypi.org/simple" }
wheels = [
    { url = "https://files.pythonhosted.org/packages/94/fa/f856e24deb462d5f18bd4b5a746957862ab9b6ee5834bda60605ec348366/triton-3.7.1-cp312-cp312-manylinux_2_27_aarch64.manylinux_2_28_aarch64.whl", hash = "sha256:9497f2e696ee368862a181a90b2dcc03ca978cc4f602abd67c7d81022a6988e1", size = 184692359, upload-time = "2026-06-17T20:03:48.288Z" },
    { url = "https://files.pythonhosted.org/packages/c4/6f/fb96d15db6f36d6eae4cafb998c2e0353bf59d7c4ea1662d7497f269134a/triton-3.7.1-cp312-cp312-manylinux_2_27_x86_64.manylinux_2_28_x86_64.whl", hash = "sha256:7e40869937a68206ec70d7f25bb7ec6433cb083f9135e1f36dbd318dc449a728", size = 197719725, upload-time = "2026-06-17T19:53:20.419Z" },
    { url = "https://files.pythonhosted.org/packages/00/42/c5089d4d9327fcd1e862c599cc2927f39418f84dd11a84cb2ccff9d4787a/triton-3.7.1-cp313-cp313-manylinux_2_27_aarch64.manylinux_2_28_aarch64.whl", hash = "sha256:cdbfc09d9ec58bc5e68321525653220de7515c199e7a8097a97c85e62b52cd0a", size = 184694629, upload-time = "2026-06-17T20:03:53.444Z" },
    { url = "https://files.pythonhosted.org/packages/07/42/2c3ac59253ae8892b6f307875263dd23dc875cdf732d3aea40d6d41fb7cb/triton-3.7.1-cp313-cp313-manylinux_2_27_x86_64.manylinux_2_28_x86_64.whl", hash = "sha256:58c0e131da05134a2a4788ccbcc0c1105cf0f54c8e98f19e34cd465396dc15eb", size = 197729241, upload-time = "2026-06-17T19:53:27.801Z" },
    { url = "https://files.pythonhosted.org/packages/40/71/e01aa7ad573883ed9456f130226babdec70b005e098c4d6226a6238e761b/triton-3.7.1-cp314-cp314-manylinux_2_27_aarch64.manylinux_2_28_aarch64.whl", hash = "sha256:fe4ea396a06171f1f1f58cbd39c70b09294398f7dd7c620939bab54ad6f934fa", size = 184705764, upload-time = "2026-06-17T20:03:59.064Z" },
    { url = "https://files.pythonhosted.org/packages/a4/09/5683146fda6a2b569deb78ccfd8fbfea8bfe55f726b081c0a6bb18dd6f28/triton-3.7.1-cp314-cp314-manylinux_2_27_x86_64.manylinux_2_28_x86_64.whl", hash = "sha256:2020153b08280415ec0da6607834e79166442147e78e144df06b508c75b186d2", size = 197729537, upload-time = "2026-06-17T19:53:35.516Z" },
    { url = "https://files.pythonhosted.org/packages/e9/f8/448220c3092019f9fdfab39ec47985968181d67da34b44f6a7f6280a5cbb/triton-3.7.1-cp314-cp314t-manylinux_2_27_aarch64.manylinux_2_28_aarch64.whl", hash = "sha256:c58e4c61f0c73b5dba3b5d19b4a7093c32f90dc18b2a7f121a7c16ccd31107b7", size = 184814760, upload-time = "2026-06-17T20:04:04.984Z" },
    { url = "https://files.pythonhosted.org/packages/f0/ac/229b7d4589d2e5937310e72c6d46e89599d16a4a12b479ffa1499fee8eb8/triton-3.7.1-cp314-cp314t-manylinux_2_27_x86_64.manylinux_2_28_x86_64.whl", hash = "sha256:10ba85fa2cca4a2fbdeb36bf1cb082f2c252bda55bf9fccd74f65ec5bc647e68", size = 197824404, upload-time = "2026-06-17T19:53:42.772Z" },
]
